
Microsoft Visual Studio Solution File, Format Version 12.00
# Visual Studio Version 16
VisualStudioVersion = 16.0.30309.148
MinimumVisualStudioVersion = 10.0.40219.1
Project("{9A19103F-16F7-4668-BE54-9A1E7A4F7556}") = "estudos", "estudos\estudos.csproj", "{5E780A5A-0675-42DB-B0F7-D07EDA5F362C}"
EndProject
Global
	GlobalSection(SolutionConfigurationPlatforms) = preSolution
		Debug|Any CPU = Debug|Any CPU
		Release|Any CPU = Release|Any CPU
	EndGlobalSection
	GlobalSection(ProjectConfigurationPlatforms) = postSolution
		{5E780A5A-0675-42DB-B0F7-D07EDA5F362C}.Debug|Any CPU.ActiveCfg = Debug|Any CPU
		{5E780A5A-0675-42DB-B0F7-D07EDA5F362C}.Debug|Any CPU.Build.0 = Debug|Any CPU
		{5E780A5A-0675-42DB-B0F7-D07EDA5F362C}.Release|Any CPU.ActiveCfg = Release|Any CPU
		{5E780A5A-0675-42DB-B0F7-D07EDA5F362C}.Release|Any CPU.Build.0 = Release|Any CPU
	EndGlobalSection
	GlobalSection(SolutionProperties) = preSolution
		HideSolutionNode = FALSE
	EndGlobalSection
	GlobalSection(ExtensibilityGlobals) = postSolution
		SolutionGuid = {59834B94-2CF6-40A6-A430-2157C302DE17}
	EndGlobalSection
EndGlobal
